
Microsoft Visual Studio Solution File, Format Version 12.00
# Visual Studio 15
Project("{FAE04EC0-301F-11D3-BF4B-00C04F79EFBC}") = "Assembly-CSharp", "Assembly-CSharp.csproj", "{6CA13337-FF1E-0A05-3FA8-9023FC6B98CD}"
EndProject
Project("{FAE04EC0-301F-11D3-BF4B-00C04F79EFBC}") = "Assembly-CSharp-Editor", "Assembly-CSharp-Editor.csproj", "{7B0D82C3-DE7B-5860-2658-4C1ED93183FE}"
EndProject
Global
	GlobalSection(SolutionConfigurationPlatforms) = preSolution
		Debug|Any CPU = Debug|Any CPU
		Release|Any CPU = Release|Any CPU
	EndGlobalSection
	GlobalSection(ProjectConfigurationPlatforms) = postSolution
		{6CA13337-FF1E-0A05-3FA8-9023FC6B98CD}.Debug|Any CPU.ActiveCfg = Debug|Any CPU
		{6CA13337-FF1E-0A05-3FA8-9023FC6B98CD}.Debug|Any CPU.Build.0 = Debug|Any CPU
		{6CA13337-FF1E-0A05-3FA8-9023FC6B98CD}.Release|Any CPU.ActiveCfg = Release|Any CPU
		{6CA13337-FF1E-0A05-3FA8-9023FC6B98CD}.Release|Any CPU.Build.0 = Release|Any CPU
		{7B0D82C3-DE7B-5860-2658-4C1ED93183FE}.Debug|Any CPU.ActiveCfg = Debug|Any CPU
		{7B0D82C3-DE7B-5860-2658-4C1ED93183FE}.Debug|Any CPU.Build.0 = Debug|Any CPU
		{7B0D82C3-DE7B-5860-2658-4C1ED93183FE}.Release|Any CPU.ActiveCfg = Release|Any CPU
		{7B0D82C3-DE7B-5860-2658-4C1ED93183FE}.Release|Any CPU.Build.0 = Release|Any CPU
	EndGlobalSection
	GlobalSection(SolutionProperties) = preSolution
		HideSolutionNode = FALSE
	EndGlobalSection
EndGlobal
